// !$*UTF8*$!
{
	archiveVersion = 1;
	classes = {
	};
	objectVersion = 77;
	objects = {

/* Begin PBXBuildFile section */
		F22000010000000000000001 /* KissmarkConnections in Frameworks */ = {isa = PBXBuildFile; productRef = F22000010000000000000002 /* KissmarkConnections */; platformFilter = macos; };
/* End PBXBuildFile section */

/* Begin PBXContainerItemProxy section */
		A21EB98C3005C2EF00B3B32B /* PBXContainerItemProxy */ = {
			isa = PBXContainerItemProxy;
			containerPortal = A21EB9763005C2ED00B3B32B /* Project object */;
			proxyType = 1;
			remoteGlobalIDString = A21EB97D3005C2ED00B3B32B;
			remoteInfo = Kissmark;
		};
		A21EB9963005C2F000B3B32B /* PBXContainerItemProxy */ = {
			isa = PBXContainerItemProxy;
			containerPortal = A21EB9763005C2ED00B3B32B /* Project object */;
			proxyType = 1;
			remoteGlobalIDString = A21EB97D3005C2ED00B3B32B;
			remoteInfo = Kissmark;
		};
/* End PBXContainerItemProxy section */

/* Begin PBXFileReference section */
		A21EB97E3005C2ED00B3B32B /* Kissmark.app */ = {isa = PBXFileReference; explicitFileType = wrapper.application; includeInIndex = 0; path = Kissmark.app; sourceTree = BUILT_PRODUCTS_DIR; };
		A21EB98B3005C2EF00B3B32B /* KissmarkTests.xctest */ = {isa = PBXFileReference; explicitFileType = wrapper.cfbundle; includeInIndex = 0; path = KissmarkTests.xctest; sourceTree = BUILT_PRODUCTS_DIR; };
		A21EB9953005C2F000B3B32B /* KissmarkUITests.xctest */ = {isa = PBXFileReference; explicitFileType = wrapper.cfbundle; includeInIndex = 0; path = KissmarkUITests.xctest; sourceTree = BUILT_PRODUCTS_DIR; };
/* End PBXFileReference section */

/* Begin PBXFileSystemSynchronizedBuildFileExceptionSet section */
		B80200013005C2F000B3B32B /* Exceptions for "Kissmark" folder in "Kissmark" target */ = {
			isa = PBXFileSystemSynchronizedBuildFileExceptionSet;
			membershipExceptions = (
				Info.plist,
				"Info-macOS.plist",
				"Kissmark-iOS.entitlements",
				"Kissmark-macOS.entitlements",
			);
			target = A21EB97D3005C2ED00B3B32B /* Kissmark */;
		};
/* End PBXFileSystemSynchronizedBuildFileExceptionSet section */

/* Begin PBXFileSystemSynchronizedRootGroup section */
		A21EB9803005C2ED00B3B32B /* Kissmark */ = {
			isa = PBXFileSystemSynchronizedRootGroup;
			exceptions = (
				B80200013005C2F000B3B32B /* Exceptions for "Kissmark" folder in "Kissmark" target */,
			);
			path = Kissmark;
			sourceTree = "<group>";
		};
		A21EB98E3005C2EF00B3B32B /* KissmarkTests */ = {
			isa = PBXFileSystemSynchronizedRootGroup;
			path = KissmarkTests;
			sourceTree = "<group>";
		};
		A21EB9983005C2F000B3B32B /* KissmarkUITests */ = {
			isa = PBXFileSystemSynchronizedRootGroup;
			path = KissmarkUITests;
			sourceTree = "<group>";
		};
/* End PBXFileSystemSynchronizedRootGroup section */

/* Begin PBXFrameworksBuildPhase section */
		A21EB97B3005C2ED00B3B32B /* Frameworks */ = {
			isa = PBXFrameworksBuildPhase;
			buildActionMask = 2147483647;
			files = (
				F22000010000000000000001 /* KissmarkConnections in Frameworks */,
			);
			runOnlyForDeploymentPostprocessing = 0;
		};
		A21EB9883005C2EF00B3B32B /* Frameworks */ = {
			isa = PBXFrameworksBuildPhase;
			buildActionMask = 2147483647;
			files = (
			);
			runOnlyForDeploymentPostprocessing = 0;
		};
		A21EB9923005C2F000B3B32B /* Frameworks */ = {
			isa = PBXFrameworksBuildPhase;
			buildActionMask = 2147483647;
			files = (
			);
			runOnlyForDeploymentPostprocessing = 0;
		};
/* End PBXFrameworksBuildPhase section */

/* Begin PBXGroup section */
		A21EB9753005C2ED00B3B32B = {
			isa = PBXGroup;
			children = (
				A21EB9803005C2ED00B3B32B /* Kissmark */,
				A21EB98E3005C2EF00B3B32B /* KissmarkTests */,
				A21EB9983005C2F000B3B32B /* KissmarkUITests */,
				A21EB97F3005C2ED00B3B32B /* Products */,
			);
			sourceTree = "<group>";
		};
		A21EB97F3005C2ED00B3B32B /* Products */ = {
			isa = PBXGroup;
			children = (
				A21EB97E3005C2ED00B3B32B /* Kissmark.app */,
				A21EB98B3005C2EF00B3B32B /* KissmarkTests.xctest */,
				A21EB9953005C2F000B3B32B /* KissmarkUITests.xctest */,
			);
			name = Products;
			sourceTree = "<group>";
		};
/* End PBXGroup section */

/* Begin PBXNativeTarget section */
		A21EB97D3005C2ED00B3B32B /* Kissmark */ = {
			isa = PBXNativeTarget;
			buildConfigurationList = A21EB99F3005C2F000B3B32B /* Build configuration list for PBXNativeTarget "Kissmark" */;
			buildPhases = (
				A21EB97A3005C2ED00B3B32B /* Sources */,
				A21EB97B3005C2ED00B3B32B /* Frameworks */,
				A21EB97C3005C2ED00B3B32B /* Resources */,
			);
			buildRules = (
			);
			dependencies = (
			);
			fileSystemSynchronizedGroups = (
				A21EB9803005C2ED00B3B32B /* Kissmark */,
			);
			name = Kissmark;
			packageProductDependencies = (
				F22000010000000000000002 /* KissmarkConnections */,
			);
			productName = Kissmark;
			productReference = A21EB97E3005C2ED00B3B32B /* Kissmark.app */;
			productType = "com.apple.product-type.application";
		};
		A21EB98A3005C2EF00B3B32B /* KissmarkTests */ = {
			isa = PBXNativeTarget;
			buildConfigurationList = A21EB9A23005C2F000B3B32B /* Build configuration list for PBXNativeTarget "KissmarkTests" */;
			buildPhases = (
				A21EB9873005C2EF00B3B32B /* Sources */,
				A21EB9883005C2EF00B3B32B /* Frameworks */,
				A21EB9893005C2EF00B3B32B /* Resources */,
			);
			buildRules = (
			);
			dependencies = (
				A21EB98D3005C2EF00B3B32B /* PBXTargetDependency */,
			);
			fileSystemSynchronizedGroups = (
				A21EB98E3005C2EF00B3B32B /* KissmarkTests */,
			);
			name = KissmarkTests;
			packageProductDependencies = (
			);
			productName = KissmarkTests;
			productReference = A21EB98B3005C2EF00B3B32B /* KissmarkTests.xctest */;
			productType = "com.apple.product-type.bundle.unit-test";
		};
		A21EB9943005C2F000B3B32B /* KissmarkUITests */ = {
			isa = PBXNativeTarget;
			buildConfigurationList = A21EB9A53005C2F000B3B32B /* Build configuration list for PBXNativeTarget "KissmarkUITests" */;
			buildPhases = (
				A21EB9913005C2F000B3B32B /* Sources */,
				A21EB9923005C2F000B3B32B /* Frameworks */,
				A21EB9933005C2F000B3B32B /* Resources */,
			);
			buildRules = (
			);
			dependencies = (
				A21EB9973005C2F000B3B32B /* PBXTargetDependency */,
			);
			fileSystemSynchronizedGroups = (
				A21EB9983005C2F000B3B32B /* KissmarkUITests */,
			);
			name = KissmarkUITests;
			packageProductDependencies = (
			);
			productName = KissmarkUITests;
			productReference = A21EB9953005C2F000B3B32B /* KissmarkUITests.xctest */;
			productType = "com.apple.product-type.bundle.ui-testing";
		};
/* End PBXNativeTarget section */

/* Begin PBXProject section */
		A21EB9763005C2ED00B3B32B /* Project object */ = {
			isa = PBXProject;
			attributes = {
				BuildIndependentTargetsInParallel = 1;
				LastSwiftUpdateCheck = 2660;
				LastUpgradeCheck = 2660;
				TargetAttributes = {
					A21EB97D3005C2ED00B3B32B = {
						CreatedOnToolsVersion = 26.6;
					};
					A21EB98A3005C2EF00B3B32B = {
						CreatedOnToolsVersion = 26.6;
						TestTargetID = A21EB97D3005C2ED00B3B32B;
					};
					A21EB9943005C2F000B3B32B = {
						CreatedOnToolsVersion = 26.6;
						TestTargetID = A21EB97D3005C2ED00B3B32B;
					};
				};
			};
			buildConfigurationList = A21EB9793005C2ED00B3B32B /* Build configuration list for PBXProject "Kissmark" */;
			developmentRegion = ko;
			hasScannedForEncodings = 0;
			knownRegions = (
				en,
				ko,
				Base,
			);
			mainGroup = A21EB9753005C2ED00B3B32B;
			minimizedProjectReferenceProxies = 1;
			packageReferences = (
				F22000010000000000000003 /* Local MCP package */,
			);
			preferredProjectObjectVersion = 77;
			productRefGroup = A21EB97F3005C2ED00B3B32B /* Products */;
			projectDirPath = "";
			projectRoot = "";
			targets = (
				A21EB97D3005C2ED00B3B32B /* Kissmark */,
				A21EB98A3005C2EF00B3B32B /* KissmarkTests */,
				A21EB9943005C2F000B3B32B /* KissmarkUITests */,
			);
		};
/* End PBXProject section */

/* Begin PBXResourcesBuildPhase section */
		A21EB97C3005C2ED00B3B32B /* Resources */ = {
			isa = PBXResourcesBuildPhase;
			buildActionMask = 2147483647;
			files = (
			);
			runOnlyForDeploymentPostprocessing = 0;
		};
		A21EB9893005C2EF00B3B32B /* Resources */ = {
			isa = PBXResourcesBuildPhase;
			buildActionMask = 2147483647;
			files = (
			);
			runOnlyForDeploymentPostprocessing = 0;
		};
		A21EB9933005C2F000B3B32B /* Resources */ = {
			isa = PBXResourcesBuildPhase;
			buildActionMask = 2147483647;
			files = (
			);
			runOnlyForDeploymentPostprocessing = 0;
		};
/* End PBXResourcesBuildPhase section */

/* Begin PBXSourcesBuildPhase section */
		A21EB97A3005C2ED00B3B32B /* Sources */ = {
			isa = PBXSourcesBuildPhase;
			buildActionMask = 2147483647;
			files = (
			);
			runOnlyForDeploymentPostprocessing = 0;
		};
		A21EB9873005C2EF00B3B32B /* Sources */ = {
			isa = PBXSourcesBuildPhase;
			buildActionMask = 2147483647;
			files = (
			);
			runOnlyForDeploymentPostprocessing = 0;
		};
		A21EB9913005C2F000B3B32B /* Sources */ = {
			isa = PBXSourcesBuildPhase;
			buildActionMask = 2147483647;
			files = (
			);
			runOnlyForDeploymentPostprocessing = 0;
		};
/* End PBXSourcesBuildPhase section */

/* Begin PBXTargetDependency section */
		A21EB98D3005C2EF00B3B32B /* PBXTargetDependency */ = {
			isa = PBXTargetDependency;
			target = A21EB97D3005C2ED00B3B32B /* Kissmark */;
			targetProxy = A21EB98C3005C2EF00B3B32B /* PBXContainerItemProxy */;
		};
		A21EB9973005C2F000B3B32B /* PBXTargetDependency */ = {
			isa = PBXTargetDependency;
			target = A21EB97D3005C2ED00B3B32B /* Kissmark */;
			targetProxy = A21EB9963005C2F000B3B32B /* PBXContainerItemProxy */;
		};
/* End PBXTargetDependency section */

/* Begin XCLocalSwiftPackageReference section */
		F22000010000000000000003 /* Local MCP package */ = {
			isa = XCLocalSwiftPackageReference;
			relativePath = mcp;
		};
/* End XCLocalSwiftPackageReference section */

/* Begin XCSwiftPackageProductDependency section */
		F22000010000000000000002 /* KissmarkConnections */ = {
			isa = XCSwiftPackageProductDependency;
			productName = KissmarkConnections;
		};
/* End XCSwiftPackageProductDependency section */

/* Begin XCBuildConfiguration section */
		A21EB99D3005C2F000B3B32B /* Debug */ = {
			isa = XCBuildConfiguration;
			buildSettings = {
				ALWAYS_SEARCH_USER_PATHS = NO;
				ASSETCATALOG_COMPILER_GENERATE_SWIFT_ASSET_SYMBOL_EXTENSIONS = YES;
				CLANG_ANALYZER_NONNULL = YES;
				CLANG_ANALYZER_NUMBER_OBJECT_CONVERSION = YES_AGGRESSIVE;
				CLANG_CXX_LANGUAGE_STANDARD = "gnu++20";
				CLANG_ENABLE_MODULES = YES;
				CLANG_ENABLE_OBJC_ARC = YES;
				CLANG_ENABLE_OBJC_WEAK = YES;
				CLANG_WARN_BLOCK_CAPTURE_AUTORELEASING = YES;
				CLANG_WARN_BOOL_CONVERSION = YES;
				CLANG_WARN_COMMA = YES;
				CLANG_WARN_CONSTANT_CONVERSION = YES;
				CLANG_WARN_DEPRECATED_OBJC_IMPLEMENTATIONS = YES;
				CLANG_WARN_DIRECT_OBJC_ISA_USAGE = YES_ERROR;
				CLANG_WARN_DOCUMENTATION_COMMENTS = YES;
				CLANG_WARN_EMPTY_BODY = YES;
				CLANG_WARN_ENUM_CONVERSION = YES;
				CLANG_WARN_INFINITE_RECURSION = YES;
				CLANG_WARN_INT_CONVERSION = YES;
				CLANG_WARN_NON_LITERAL_NULL_CONVERSION = YES;
				CLANG_WARN_OBJC_IMPLICIT_RETAIN_SELF = YES;
				CLANG_WARN_OBJC_LITERAL_CONVERSION = YES;
				CLANG_WARN_OBJC_ROOT_CLASS = YES_ERROR;
				CLANG_WARN_QUOTED_INCLUDE_IN_FRAMEWORK_HEADER = YES;
				CLANG_WARN_RANGE_LOOP_ANALYSIS = YES;
				CLANG_WARN_STRICT_PROTOTYPES = YES;
				CLANG_WARN_SUSPICIOUS_MOVE = YES;
				CLANG_WARN_UNGUARDED_AVAILABILITY = YES_AGGRESSIVE;
				CLANG_WARN_UNREACHABLE_CODE = YES;
				CLANG_WARN__DUPLICATE_METHOD_MATCH = YES;
				COPY_PHASE_STRIP = NO;
				DEBUG_INFORMATION_FORMAT = dwarf;
				ENABLE_STRICT_OBJC_MSGSEND = YES;
				ENABLE_TESTABILITY = YES;
				ENABLE_USER_SCRIPT_SANDBOXING = YES;
				GCC_C_LANGUAGE_STANDARD = gnu17;
				GCC_DYNAMIC_NO_PIC = NO;
				GCC_NO_COMMON_BLOCKS = YES;
				GCC_OPTIMIZATION_LEVEL = 0;
				GCC_PREPROCESSOR_DEFINITIONS = (
					"DEBUG=1",
					"$(inherited)",
				);
				GCC_WARN_64_TO_32_BIT_CONVERSION = YES;
				GCC_WARN_ABOUT_RETURN_TYPE = YES_ERROR;
				GCC_WARN_UNDECLARED_SELECTOR = YES;
				GCC_WARN_UNINITIALIZED_AUTOS = YES_AGGRESSIVE;
				GCC_WARN_UNUSED_FUNCTION = YES;
				GCC_WARN_UNUSED_VARIABLE = YES;
				LOCALIZATION_PREFERS_STRING_CATALOGS = YES;
				MTL_ENABLE_DEBUG_INFO = INCLUDE_SOURCE;
				MTL_FAST_MATH = YES;
				ONLY_ACTIVE_ARCH = YES;
				SWIFT_ACTIVE_COMPILATION_CONDITIONS = "DEBUG $(inherited)";
				SWIFT_OPTIMIZATION_LEVEL = "-Onone";
			};
			name = Debug;
		};
		A21EB99E3005C2F000B3B32B /* Release */ = {
			isa = XCBuildConfiguration;
			buildSettings = {
				ALWAYS_SEARCH_USER_PATHS = NO;
				ASSETCATALOG_COMPILER_GENERATE_SWIFT_ASSET_SYMBOL_EXTENSIONS = YES;
				CLANG_ANALYZER_NONNULL = YES;
				CLANG_ANALYZER_NUMBER_OBJECT_CONVERSION = YES_AGGRESSIVE;
				CLANG_CXX_LANGUAGE_STANDARD = "gnu++20";
				CLANG_ENABLE_MODULES = YES;
				CLANG_ENABLE_OBJC_ARC = YES;
				CLANG_ENABLE_OBJC_WEAK = YES;
				CLANG_WARN_BLOCK_CAPTURE_AUTORELEASING = YES;
				CLANG_WARN_BOOL_CONVERSION = YES;
				CLANG_WARN_COMMA = YES;
				CLANG_WARN_CONSTANT_CONVERSION = YES;
				CLANG_WARN_DEPRECATED_OBJC_IMPLEMENTATIONS = YES;
				CLANG_WARN_DIRECT_OBJC_ISA_USAGE = YES_ERROR;
				CLANG_WARN_DOCUMENTATION_COMMENTS = YES;
				CLANG_WARN_EMPTY_BODY = YES;
				CLANG_WARN_ENUM_CONVERSION = YES;
				CLANG_WARN_INFINITE_RECURSION = YES;
				CLANG_WARN_INT_CONVERSION = YES;
				CLANG_WARN_NON_LITERAL_NULL_CONVERSION = YES;
				CLANG_WARN_OBJC_IMPLICIT_RETAIN_SELF = YES;
				CLANG_WARN_OBJC_LITERAL_CONVERSION = YES;
				CLANG_WARN_OBJC_ROOT_CLASS = YES_ERROR;
				CLANG_WARN_QUOTED_INCLUDE_IN_FRAMEWORK_HEADER = YES;
				CLANG_WARN_RANGE_LOOP_ANALYSIS = YES;
				CLANG_WARN_STRICT_PROTOTYPES = YES;
				CLANG_WARN_SUSPICIOUS_MOVE = YES;
				CLANG_WARN_UNGUARDED_AVAILABILITY = YES_AGGRESSIVE;
				CLANG_WARN_UNREACHABLE_CODE = YES;
				CLANG_WARN__DUPLICATE_METHOD_MATCH = YES;
				COPY_PHASE_STRIP = NO;
				DEBUG_INFORMATION_FORMAT = "dwarf-with-dsym";
				ENABLE_NS_ASSERTIONS = NO;
				ENABLE_STRICT_OBJC_MSGSEND = YES;
				ENABLE_USER_SCRIPT_SANDBOXING = YES;
				GCC_C_LANGUAGE_STANDARD = gnu17;
				GCC_NO_COMMON_BLOCKS = YES;
				GCC_WARN_64_TO_32_BIT_CONVERSION = YES;
				GCC_WARN_ABOUT_RETURN_TYPE = YES_ERROR;
				GCC_WARN_UNDECLARED_SELECTOR = YES;
				GCC_WARN_UNINITIALIZED_AUTOS = YES_AGGRESSIVE;
				GCC_WARN_UNUSED_FUNCTION = YES;
				GCC_WARN_UNUSED_VARIABLE = YES;
				LOCALIZATION_PREFERS_STRING_CATALOGS = YES;
				MTL_ENABLE_DEBUG_INFO = NO;
				MTL_FAST_MATH = YES;
				SWIFT_COMPILATION_MODE = wholemodule;
			};
			name = Release;
		};
		A21EB9A03005C2F000B3B32B /* Debug */ = {
			isa = XCBuildConfiguration;
			buildSettings = {
				ASSETCATALOG_COMPILER_APPICON_NAME = AppIcon;
				ASSETCATALOG_COMPILER_GLOBAL_ACCENT_COLOR_NAME = AccentColor;
				"CODE_SIGN_ENTITLEMENTS[sdk=iphoneos*]" = "Kissmark/Kissmark-iOS.entitlements";
				"CODE_SIGN_ENTITLEMENTS[sdk=iphonesimulator*]" = "Kissmark/Kissmark-iOS.entitlements";
				"CODE_SIGN_ENTITLEMENTS[sdk=macosx*]" = "Kissmark/Kissmark-macOS.entitlements";
				CODE_SIGN_STYLE = Automatic;
				CURRENT_PROJECT_VERSION = 20;
				ENABLE_APP_SANDBOX = YES;
				ENABLE_PREVIEWS = YES;
				ENABLE_USER_SELECTED_FILES = readwrite;
				GENERATE_INFOPLIST_FILE = YES;
				INFOPLIST_FILE = Kissmark/Info.plist;
				"INFOPLIST_FILE[sdk=macosx*]" = "Kissmark/Info-macOS.plist";
				"INFOPLIST_KEY_UIApplicationSceneManifest_Generation[sdk=iphoneos*]" = YES;
				"INFOPLIST_KEY_UIApplicationSceneManifest_Generation[sdk=iphonesimulator*]" = YES;
				"INFOPLIST_KEY_UIApplicationSupportsIndirectInputEvents[sdk=iphoneos*]" = YES;
				"INFOPLIST_KEY_UIApplicationSupportsIndirectInputEvents[sdk=iphonesimulator*]" = YES;
				"INFOPLIST_KEY_UILaunchScreen_Generation[sdk=iphoneos*]" = YES;
				"INFOPLIST_KEY_UILaunchScreen_Generation[sdk=iphonesimulator*]" = YES;
				"INFOPLIST_KEY_UIStatusBarStyle[sdk=iphoneos*]" = UIStatusBarStyleDefault;
				"INFOPLIST_KEY_UIStatusBarStyle[sdk=iphonesimulator*]" = UIStatusBarStyleDefault;
				INFOPLIST_KEY_UISupportedInterfaceOrientations_iPad = "UIInterfaceOrientationPortrait UIInterfaceOrientationPortraitUpsideDown UIInterfaceOrientationLandscapeLeft UIInterfaceOrientationLandscapeRight";
				INFOPLIST_KEY_UISupportedInterfaceOrientations_iPhone = "UIInterfaceOrientationPortrait UIInterfaceOrientationLandscapeLeft UIInterfaceOrientationLandscapeRight";
				IPHONEOS_DEPLOYMENT_TARGET = 17.0;
				LD_RUNPATH_SEARCH_PATHS = "@executable_path/Frameworks";
				"LD_RUNPATH_SEARCH_PATHS[sdk=macosx*]" = "@executable_path/../Frameworks";
				MACOSX_DEPLOYMENT_TARGET = 14.0;
				MARKETING_VERSION = 2.3.4;
				PRODUCT_BUNDLE_IDENTIFIER = com.singandmong.kissmark;
				PRODUCT_NAME = "$(TARGET_NAME)";
				REGISTER_APP_GROUPS = NO;
				SDKROOT = auto;
				STRING_CATALOG_GENERATE_SYMBOLS = NO;
				SUPPORTED_PLATFORMS = "iphoneos iphonesimulator macosx";
				SUPPORTS_XR_DESIGNED_FOR_IPHONE_IPAD = NO;
				SWIFT_APPROACHABLE_CONCURRENCY = YES;
				SWIFT_DEFAULT_ACTOR_ISOLATION = MainActor;
				SWIFT_EMIT_LOC_STRINGS = YES;
				SWIFT_UPCOMING_FEATURE_MEMBER_IMPORT_VISIBILITY = YES;
				SWIFT_VERSION = 5.0;
				TARGETED_DEVICE_FAMILY = "1,2";
			};
			name = Debug;
		};
		A21EB9A13005C2F000B3B32B /* Release */ = {
			isa = XCBuildConfiguration;
			buildSettings = {
				ASSETCATALOG_COMPILER_APPICON_NAME = AppIcon;
				ASSETCATALOG_COMPILER_GLOBAL_ACCENT_COLOR_NAME = AccentColor;
				"CODE_SIGN_ENTITLEMENTS[sdk=iphoneos*]" = "Kissmark/Kissmark-iOS.entitlements";
				"CODE_SIGN_ENTITLEMENTS[sdk=iphonesimulator*]" = "Kissmark/Kissmark-iOS.entitlements";
				"CODE_SIGN_ENTITLEMENTS[sdk=macosx*]" = "Kissmark/Kissmark-macOS.entitlements";
				CODE_SIGN_INJECT_BASE_ENTITLEMENTS = NO;
				CODE_SIGN_STYLE = Automatic;
				CURRENT_PROJECT_VERSION = 20;
				ENABLE_APP_SANDBOX = YES;
				ENABLE_HARDENED_RUNTIME = YES;
				ENABLE_PREVIEWS = YES;
				ENABLE_USER_SELECTED_FILES = readwrite;
				GENERATE_INFOPLIST_FILE = YES;
				INFOPLIST_FILE = Kissmark/Info.plist;
				"INFOPLIST_FILE[sdk=macosx*]" = "Kissmark/Info-macOS.plist";
				"INFOPLIST_KEY_UIApplicationSceneManifest_Generation[sdk=iphoneos*]" = YES;
				"INFOPLIST_KEY_UIApplicationSceneManifest_Generation[sdk=iphonesimulator*]" = YES;
				"INFOPLIST_KEY_UIApplicationSupportsIndirectInputEvents[sdk=iphoneos*]" = YES;
				"INFOPLIST_KEY_UIApplicationSupportsIndirectInputEvents[sdk=iphonesimulator*]" = YES;
				"INFOPLIST_KEY_UILaunchScreen_Generation[sdk=iphoneos*]" = YES;
				"INFOPLIST_KEY_UILaunchScreen_Generation[sdk=iphonesimulator*]" = YES;
				"INFOPLIST_KEY_UIStatusBarStyle[sdk=iphoneos*]" = UIStatusBarStyleDefault;
				"INFOPLIST_KEY_UIStatusBarStyle[sdk=iphonesimulator*]" = UIStatusBarStyleDefault;
				INFOPLIST_KEY_UISupportedInterfaceOrientations_iPad = "UIInterfaceOrientationPortrait UIInterfaceOrientationPortraitUpsideDown UIInterfaceOrientationLandscapeLeft UIInterfaceOrientationLandscapeRight";
				INFOPLIST_KEY_UISupportedInterfaceOrientations_iPhone = "UIInterfaceOrientationPortrait UIInterfaceOrientationLandscapeLeft UIInterfaceOrientationLandscapeRight";
				IPHONEOS_DEPLOYMENT_TARGET = 17.0;
				LD_RUNPATH_SEARCH_PATHS = "@executable_path/Frameworks";
				"LD_RUNPATH_SEARCH_PATHS[sdk=macosx*]" = "@executable_path/../Frameworks";
				MACOSX_DEPLOYMENT_TARGET = 14.0;
				MARKETING_VERSION = 2.3.4;
				PRODUCT_BUNDLE_IDENTIFIER = com.singandmong.kissmark;
				PRODUCT_NAME = "$(TARGET_NAME)";
				REGISTER_APP_GROUPS = NO;
				SDKROOT = auto;
				STRING_CATALOG_GENERATE_SYMBOLS = NO;
				SUPPORTED_PLATFORMS = "iphoneos iphonesimulator macosx";
				SUPPORTS_XR_DESIGNED_FOR_IPHONE_IPAD = NO;
				SWIFT_APPROACHABLE_CONCURRENCY = YES;
				SWIFT_DEFAULT_ACTOR_ISOLATION = MainActor;
				SWIFT_EMIT_LOC_STRINGS = YES;
				SWIFT_UPCOMING_FEATURE_MEMBER_IMPORT_VISIBILITY = YES;
				SWIFT_VERSION = 5.0;
				TARGETED_DEVICE_FAMILY = "1,2";
			};
			name = Release;
		};
		A21EB9A33005C2F000B3B32B /* Debug */ = {
			isa = XCBuildConfiguration;
			buildSettings = {
				BUNDLE_LOADER = "$(TEST_HOST)";
				CODE_SIGN_STYLE = Automatic;
				CURRENT_PROJECT_VERSION = 1;
				GENERATE_INFOPLIST_FILE = YES;
				IPHONEOS_DEPLOYMENT_TARGET = 17.0;
				MACOSX_DEPLOYMENT_TARGET = 14.0;
				MARKETING_VERSION = 2.0;
				PRODUCT_BUNDLE_IDENTIFIER = com.singandmong.kissmarkTests;
				PRODUCT_NAME = "$(TARGET_NAME)";
				SDKROOT = auto;
				STRING_CATALOG_GENERATE_SYMBOLS = NO;
				SUPPORTED_PLATFORMS = "iphoneos iphonesimulator macosx";
				SWIFT_APPROACHABLE_CONCURRENCY = YES;
				SWIFT_EMIT_LOC_STRINGS = NO;
				SWIFT_UPCOMING_FEATURE_MEMBER_IMPORT_VISIBILITY = YES;
				SWIFT_VERSION = 5.0;
				TARGETED_DEVICE_FAMILY = "1,2";
				TEST_HOST = "$(BUILT_PRODUCTS_DIR)/Kissmark.app/$(BUNDLE_EXECUTABLE_FOLDER_PATH)/Kissmark";
			};
			name = Debug;
		};
		A21EB9A43005C2F000B3B32B /* Release */ = {
			isa = XCBuildConfiguration;
			buildSettings = {
				BUNDLE_LOADER = "$(TEST_HOST)";
				CODE_SIGN_STYLE = Automatic;
				CURRENT_PROJECT_VERSION = 1;
				GENERATE_INFOPLIST_FILE = YES;
				IPHONEOS_DEPLOYMENT_TARGET = 17.0;
				MACOSX_DEPLOYMENT_TARGET = 14.0;
				MARKETING_VERSION = 2.0;
				PRODUCT_BUNDLE_IDENTIFIER = com.singandmong.kissmarkTests;
				PRODUCT_NAME = "$(TARGET_NAME)";
				SDKROOT = auto;
				STRING_CATALOG_GENERATE_SYMBOLS = NO;
				SUPPORTED_PLATFORMS = "iphoneos iphonesimulator macosx";
				SWIFT_APPROACHABLE_CONCURRENCY = YES;
				SWIFT_EMIT_LOC_STRINGS = NO;
				SWIFT_UPCOMING_FEATURE_MEMBER_IMPORT_VISIBILITY = YES;
				SWIFT_VERSION = 5.0;
				TARGETED_DEVICE_FAMILY = "1,2";
				TEST_HOST = "$(BUILT_PRODUCTS_DIR)/Kissmark.app/$(BUNDLE_EXECUTABLE_FOLDER_PATH)/Kissmark";
			};
			name = Release;
		};
		A21EB9A63005C2F000B3B32B /* Debug */ = {
			isa = XCBuildConfiguration;
			buildSettings = {
				CODE_SIGN_STYLE = Automatic;
				CURRENT_PROJECT_VERSION = 1;
				GENERATE_INFOPLIST_FILE = YES;
				IPHONEOS_DEPLOYMENT_TARGET = 17.0;
				MACOSX_DEPLOYMENT_TARGET = 14.0;
				MARKETING_VERSION = 2.0;
				PRODUCT_BUNDLE_IDENTIFIER = com.singandmong.kissmarkUITests;
				PRODUCT_NAME = "$(TARGET_NAME)";
				SDKROOT = auto;
				STRING_CATALOG_GENERATE_SYMBOLS = NO;
				SUPPORTED_PLATFORMS = "iphoneos iphonesimulator macosx";
				SWIFT_APPROACHABLE_CONCURRENCY = YES;
				SWIFT_EMIT_LOC_STRINGS = NO;
				SWIFT_UPCOMING_FEATURE_MEMBER_IMPORT_VISIBILITY = YES;
				SWIFT_VERSION = 5.0;
				TARGETED_DEVICE_FAMILY = "1,2";
				TEST_TARGET_NAME = Kissmark;
			};
			name = Debug;
		};
		A21EB9A73005C2F000B3B32B /* Release */ = {
			isa = XCBuildConfiguration;
			buildSettings = {
				CODE_SIGN_STYLE = Automatic;
				CURRENT_PROJECT_VERSION = 1;
				GENERATE_INFOPLIST_FILE = YES;
				IPHONEOS_DEPLOYMENT_TARGET = 17.0;
				MACOSX_DEPLOYMENT_TARGET = 14.0;
				MARKETING_VERSION = 2.0;
				PRODUCT_BUNDLE_IDENTIFIER = com.singandmong.kissmarkUITests;
				PRODUCT_NAME = "$(TARGET_NAME)";
				SDKROOT = auto;
				STRING_CATALOG_GENERATE_SYMBOLS = NO;
				SUPPORTED_PLATFORMS = "iphoneos iphonesimulator macosx";
				SWIFT_APPROACHABLE_CONCURRENCY = YES;
				SWIFT_EMIT_LOC_STRINGS = NO;
				SWIFT_UPCOMING_FEATURE_MEMBER_IMPORT_VISIBILITY = YES;
				SWIFT_VERSION = 5.0;
				TARGETED_DEVICE_FAMILY = "1,2";
				TEST_TARGET_NAME = Kissmark;
			};
			name = Release;
		};
/* End XCBuildConfiguration section */

/* Begin XCConfigurationList section */
		A21EB9793005C2ED00B3B32B /* Build configuration list for PBXProject "Kissmark" */ = {
			isa = XCConfigurationList;
			buildConfigurations = (
				A21EB99D3005C2F000B3B32B /* Debug */,
				A21EB99E3005C2F000B3B32B /* Release */,
			);
			defaultConfigurationIsVisible = 0;
			defaultConfigurationName = Release;
		};
		A21EB99F3005C2F000B3B32B /* Build configuration list for PBXNativeTarget "Kissmark" */ = {
			isa = XCConfigurationList;
			buildConfigurations = (
				A21EB9A03005C2F000B3B32B /* Debug */,
				A21EB9A13005C2F000B3B32B /* Release */,
			);
			defaultConfigurationIsVisible = 0;
			defaultConfigurationName = Release;
		};
		A21EB9A23005C2F000B3B32B /* Build configuration list for PBXNativeTarget "KissmarkTests" */ = {
			isa = XCConfigurationList;
			buildConfigurations = (
				A21EB9A33005C2F000B3B32B /* Debug */,
				A21EB9A43005C2F000B3B32B /* Release */,
			);
			defaultConfigurationIsVisible = 0;
			defaultConfigurationName = Release;
		};
		A21EB9A53005C2F000B3B32B /* Build configuration list for PBXNativeTarget "KissmarkUITests" */ = {
			isa = XCConfigurationList;
			buildConfigurations = (
				A21EB9A63005C2F000B3B32B /* Debug */,
				A21EB9A73005C2F000B3B32B /* Release */,
			);
			defaultConfigurationIsVisible = 0;
			defaultConfigurationName = Release;
		};
/* End XCConfigurationList section */

/* Begin XCRemoteSwiftPackageReference section */
/* End XCRemoteSwiftPackageReference section */

/* Begin XCSwiftPackageProductDependency section */
/* End XCSwiftPackageProductDependency section */
	};
	rootObject = A21EB9763005C2ED00B3B32B /* Project object */;
}
